# This file is autogenerated, do not edit; changes may be undone by the next 'dep ensure'.


[[projects]]
  name = "github.com/inconshreveable/mousetrap"
  packages = ["."]
  revision = "76626ae9c91c4f2a10f34cad8ce83ea42c93bb75"
  version = "v1.0"

[[projects]]
  name = "github.com/pkg/errors"
  packages = ["."]
  revision = "645ef00459ed84a119197bfb8d8205042c6df63d"
  version = "v0.8.0"

[[projects]]
  branch = "master"
  name = "github.com/saintfish/chardet"
  packages = ["."]
  revision = "3af4cd4741ca4f3eb0c407c034571a6fb0ea529c"

[[projects]]
  name = "github.com/spf13/cobra"
  packages = ["."]
  revision = "7b2c5ac9fc04fc5efafb60700713d4fa609b777b"
  version = "v0.0.1"

[[projects]]
  name = "github.com/spf13/pflag"
  packages = ["."]
  revision = "e57e3eeb33f795204c1ca35f56c44f83227c6e66"
  version = "v1.0.0"

[[projects]]
  name = "github.com/spiegel-im-spiegel/gocli"
  packages = ["."]
  revision = "d80ff117c2cb7e41be5605ede6291c43d7b2e397"
  version = "v0.4.4"

[[projects]]
  branch = "master"
  name = "golang.org/x/text"
  packages = ["encoding","encoding/charmap","encoding/internal","encoding/internal/identifier","encoding/japanese","encoding/korean","encoding/simplifiedchinese","encoding/traditionalchinese","encoding/unicode","internal/gen","internal/triegen","internal/ucd","internal/utf8internal","runes","transform","unicode/cldr","unicode/norm"]
  revision = "556d234e9c5239918de4d1fe247d1fe004e71764"

[solve-meta]
  analyzer-name = "dep"
  analyzer-version = 1
  inputs-digest = "da80435a2f66630250955e5ae7e0b6220ce21296b1a7a2cd13838b39847f97b7"
  solver-name = "gps-cdcl"
  solver-version = 1
